{
    "hash": "37eedaa868476d4445e1764d26dc913d",
    "packages": [
        {
            "name": "composer/installers",
            "version": "dev-master",
            "source": {
                "type": "git",
                "url": "https://github.com/composer/installers.git",
                "reference": "v1.0.3"
            },
            "dist": {
                "type": "zip",
                "url": "https://api.github.com/repos/composer/installers/zipball/v1.0.3",
                "reference": "v1.0.3",
                "shasum": ""
            },
            "replace": {
                "shama/baton": "*"
            },
            "require-dev": {
                "composer/composer": "1.0.*@dev",
                "phpunit/phpunit": "3.7.*"
            },
            "time": "2013-03-02 22:45:58",
            "type": "composer-installer",
            "extra": {
                "class": "Composer\\Installers\\Installer",
                "branch-alias": {
                    "dev-master": "1.0-dev"
                }
            },
            "autoload": {
                "psr-0": {
                    "Composer\\Installers\\": "src/"
                }
            },
            "notification-url": "https://packagist.org/downloads/",
            "license": [
                "MIT"
            ],
            "authors": [
                {
                    "name": "Kyle Robinson Young",
                    "email": "kyle@dontkry.com",
                    "homepage": "http://dontkry.com",
                    "role": "Developer"
                }
            ],
            "description": "A multi-framework Composer library installer",
            "homepage": "http://composer.github.com/installers/",
            "keywords": [
                "TYPO3 Flow",
                "TYPO3 Neos",
                "agl",
                "cakephp",
                "codeigniter",
                "drupal",
                "fuelphp",
                "installer",
                "joomla",
                "kohana",
                "laravel",
                "li3",
                "lithium",
                "mako",
                "phpbb",
                "ppi",
                "silverstripe",
                "symfony",
                "wordpress",
                "yii",
                "zend"
            ]
        },
        {
            "name": "typo3cms/fluidcontent",
            "version": "master",
            "source": {
                "type": "git",
                "url": "https://github.com/NamelessCoder/fluidcontent",
                "reference": "master"
            },
            "time": "2013-03-17 22:51:55",
            "type": "typo3-flow-package"
        },
        {
            "name": "typo3cms/fluidcontent_bootstrap",
            "version": "master",
            "source": {
                "type": "git",
                "url": "https://github.com/FluidTYPO3/fluidcontent_bootstrap",
                "reference": "master"
            },
            "type": "typo3-flow-package",
            "time": "2013-02-22 22:30:52"
        },
        {
            "name": "typo3cms/fluidpages",
            "version": "master",
            "source": {
                "type": "git",
                "url": "https://github.com/FluidTYPO3/fluidpages",
                "reference": "master"
            },
            "type": "typo3-flow-package",
            "time": "2013-03-21 19:36:28"
        },
        {
            "name": "typo3cms/flux",
            "version": "master",
            "source": {
                "type": "git",
                "url": "https://github.com/FluidTYPO3/flux",
                "reference": "master"
            },
            "type": "typo3-flow-package",
            "time": "2013-03-21 19:32:29"
        },
        {
            "name": "typo3cms/introduction",
            "version": "master",
            "source": {
                "type": "git",
                "url": "https://github.com/Ecodev/introduction",
                "reference": "master"
            },
            "type": "typo3-flow-package",
            "time": "2013-03-18 15:29:14"
        },
        {
            "name": "typo3cms/media",
            "version": "master",
            "source": {
                "type": "git",
                "url": "git://git.typo3.org/TYPO3v4/Extensions/media.git",
                "reference": "master"
            },
            "type": "typo3-flow-package",
            "time": "2013-03-22 17:54:25"
        },
        {
            "name": "typo3cms/metadata",
            "version": "master",
            "source": {
                "type": "git",
                "url": "git://git.typo3.org/TYPO3v4/Extensions/metadata.git",
                "reference": "master"
            },
            "type": "typo3-flow-package",
            "time": "2013-03-01 16:24:50"
        },
        {
            "name": "typo3cms/news",
            "version": "master",
            "source": {
                "type": "git",
                "url": "git://git.typo3.org/TYPO3v4/Extensions/news.git",
                "reference": "master"
            },
            "type": "typo3-flow-package",
            "time": "2013-03-22 12:22:17"
        },
        {
            "name": "typo3cms/realurl",
            "version": "master",
            "source": {
                "type": "git",
                "url": "git://git.typo3.org/TYPO3v4/Extensions/realurl.git",
                "reference": "master"
            },
            "type": "typo3-flow-package",
            "time": "2013-03-13 08:26:05"
        },
        {
            "name": "typo3cms/seo_basics",
            "version": "master",
            "source": {
                "type": "git",
                "url": "git://git.typo3.org/TYPO3v4/Extensions/seo_basics.git",
                "reference": "master"
            },
            "type": "typo3-flow-package",
            "time": "2011-07-28 13:34:39"
        },
        {
            "name": "typo3cms/vhs",
            "version": "master",
            "source": {
                "type": "git",
                "url": "https://github.com/FluidTYPO3/vhs",
                "reference": "master"
            },
            "type": "typo3-flow-package",
            "time": "2013-03-21 10:04:20"
        }
    ],
    "packages-dev": null,
    "aliases": [

    ],
    "minimum-stability": "dev",
    "stability-flags": [

    ]
}
