{
    "hash": "2424fd05c8e3c4001deeb5c874bd58f8",
    "packages": [
        {
            "name": "composer/installers",
            "version": "dev-master",
            "source": {
                "type": "git",
                "url": "https://github.com/composer/installers.git",
                "reference": "v1.0.2"
            },
            "dist": {
                "type": "zip",
                "url": "https://api.github.com/repos/composer/installers/zipball/v1.0.2",
                "reference": "v1.0.2",
                "shasum": ""
            },
            "replace": {
                "shama/baton": "*"
            },
            "require-dev": {
                "composer/composer": "1.0.*@dev",
                "phpunit/phpunit": "3.7.*"
            },
            "time": "2013-02-18 00:51:06",
            "type": "composer-installer",
            "extra": {
                "class": "Composer\\Installers\\Installer",
                "branch-alias": {
                    "dev-master": "1.0-dev"
                }
            },
            "autoload": {
                "psr-0": {
                    "Composer\\Installers\\": "src/"
                }
            },
            "notification-url": "https://packagist.org/downloads/",
            "license": [
                "MIT"
            ],
            "authors": [
                {
                    "name": "Kyle Robinson Young",
                    "email": "kyle@dontkry.com",
                    "homepage": "https://github.com/shama",
                    "role": "Developer"
                }
            ],
            "description": "A multi-framework Composer library installer",
            "homepage": "http://composer.github.com/installers/",
            "keywords": [
                "TYPO3 Flow",
                "TYPO3 Neos",
                "agl",
                "cakephp",
                "codeigniter",
                "drupal",
                "fuelphp",
                "installer",
                "joomla",
                "kohana",
                "laravel",
                "li3",
                "lithium",
                "mako",
                "phpbb",
                "ppi",
                "silverstripe",
                "symfony",
                "wordpress",
                "zend"
            ]
        },
        {
            "name": "typo3cms/fluidcontent",
            "version": "master",
            "source": {
                "type": "git",
                "url": "https://github.com/NamelessCoder/fluidcontent",
                "reference": "master"
            },
            "type": "typo3-flow-package",
            "time": "2013-02-03 16:40:55"
        },
        {
            "name": "typo3cms/fluidcontent_bootstrap",
            "version": "master",
            "source": {
                "type": "git",
                "url": "https://github.com/NamelessCoder/fluidcontent_bootstrap",
                "reference": "master"
            },
            "type": "typo3-flow-package",
            "time": "2013-02-01 15:35:40"
        },
        {
            "name": "typo3cms/fluidpages",
            "version": "master",
            "source": {
                "type": "git",
                "url": "https://github.com/NamelessCoder/fluidpages",
                "reference": "master"
            },
            "type": "typo3-flow-package",
            "time": "2013-02-03 16:38:11"
        },
        {
            "name": "typo3cms/flux",
            "version": "master",
            "source": {
                "type": "git",
                "url": "https://github.com/NamelessCoder/flux",
                "reference": "master"
            },
            "type": "typo3-flow-package",
            "time": "2013-02-05 17:08:22"
        },
        {
            "name": "typo3cms/introduction",
            "version": "master",
            "source": {
                "type": "git",
                "url": "https://github.com/Ecodev/introduction",
                "reference": "master"
            },
            "type": "typo3-flow-package",
            "time": "2013-02-11 14:08:54"
        },
        {
            "name": "typo3cms/news",
            "version": "master",
            "source": {
                "type": "git",
                "url": "git://git.typo3.org/TYPO3v4/Extensions/news.git",
                "reference": "master"
            },
            "type": "typo3-flow-package",
            "time": "2013-02-04 23:02:44"
        },
        {
            "name": "typo3cms/realurl",
            "version": "master",
            "source": {
                "type": "git",
                "url": "git://git.typo3.org/TYPO3v4/Extensions/realurl.git",
                "reference": "master"
            },
            "type": "typo3-flow-package",
            "time": "2013-02-05 10:58:33"
        },
        {
            "name": "typo3cms/seo_basics",
            "version": "master",
            "source": {
                "type": "git",
                "url": "git://git.typo3.org/TYPO3v4/Extensions/seo_basics.git",
                "reference": "master"
            },
            "type": "typo3-flow-package",
            "time": "2011-07-28 13:34:39"
        },
        {
            "name": "typo3cms/vhs",
            "version": "master",
            "source": {
                "type": "git",
                "url": "https://github.com/NamelessCoder/vhs",
                "reference": "master"
            },
            "type": "typo3-flow-package",
            "time": "2013-02-08 17:02:09"
        }
    ],
    "packages-dev": null,
    "aliases": [

    ],
    "minimum-stability": "dev",
    "stability-flags": [

    ]
}
